
Microsoft Visual Studio Solution File, Format Version 12.00
# Visual Studio 15
VisualStudioVersion = 15.0.27130.2010
MinimumVisualStudioVersion = 10.0.40219.1
Project("{9A19103F-16F7-4668-BE54-9A1E7A4F7556}") = "Locs.Api", "Locs.Api\Locs.Api.csproj", "{653BAEED-5F4B-4ED9-A238-417A22C613DE}"
EndProject
Project("{FAE04EC0-301F-11D3-BF4B-00C04F79EFBC}") = "Locs.Api.Tests", "Locs.Api.Tests\Locs.Api.Tests.csproj", "{EFB10EF0-F9FC-49B6-A3E5-4EEC8A921B84}"
EndProject
Global
	GlobalSection(SolutionConfigurationPlatforms) = preSolution
		Debug|Any CPU = Debug|Any CPU
		Release|Any CPU = Release|Any CPU
	EndGlobalSection
	GlobalSection(ProjectConfigurationPlatforms) = postSolution
		{653BAEED-5F4B-4ED9-A238-417A22C613DE}.Debug|Any CPU.ActiveCfg = Debug|Any CPU
		{653BAEED-5F4B-4ED9-A238-417A22C613DE}.Debug|Any CPU.Build.0 = Debug|Any CPU
		{653BAEED-5F4B-4ED9-A238-417A22C613DE}.Release|Any CPU.ActiveCfg = Release|Any CPU
		{653BAEED-5F4B-4ED9-A238-417A22C613DE}.Release|Any CPU.Build.0 = Release|Any CPU
		{EFB10EF0-F9FC-49B6-A3E5-4EEC8A921B84}.Debug|Any CPU.ActiveCfg = Debug|Any CPU
		{EFB10EF0-F9FC-49B6-A3E5-4EEC8A921B84}.Debug|Any CPU.Build.0 = Debug|Any CPU
		{EFB10EF0-F9FC-49B6-A3E5-4EEC8A921B84}.Release|Any CPU.ActiveCfg = Release|Any CPU
		{EFB10EF0-F9FC-49B6-A3E5-4EEC8A921B84}.Release|Any CPU.Build.0 = Release|Any CPU
	EndGlobalSection
	GlobalSection(SolutionProperties) = preSolution
		HideSolutionNode = FALSE
	EndGlobalSection
	GlobalSection(ExtensibilityGlobals) = postSolution
		SolutionGuid = {15827BB5-5230-4B64-B7F9-D323B9E684D7}
	EndGlobalSection
EndGlobal
